
Microsoft Visual Studio Solution File, Format Version 12.00
# Visual Studio Version 16
VisualStudioVersion = 16.0.33214.272
MinimumVisualStudioVersion = 10.0.40219.1
Project("{FAE04EC0-301F-11D3-BF4B-00C04F79EFBC}") = "testquanlifacebook", "testquanlifacebook.csproj", "{96BB5B7B-1422-4D5B-B79E-24FD3C17DF52}"
EndProject
Global
	GlobalSection(SolutionConfigurationPlatforms) = preSolution
		Debug|Any CPU = Debug|Any CPU
		Release|Any CPU = Release|Any CPU
	EndGlobalSection
	GlobalSection(ProjectConfigurationPlatforms) = postSolution
		{96BB5B7B-1422-4D5B-B79E-24FD3C17DF52}.Debug|Any CPU.ActiveCfg = Debug|Any CPU
		{96BB5B7B-1422-4D5B-B79E-24FD3C17DF52}.Debug|Any CPU.Build.0 = Debug|Any CPU
		{96BB5B7B-1422-4D5B-B79E-24FD3C17DF52}.Release|Any CPU.ActiveCfg = Release|Any CPU
		{96BB5B7B-1422-4D5B-B79E-24FD3C17DF52}.Release|Any CPU.Build.0 = Release|Any CPU
	EndGlobalSection
	GlobalSection(SolutionProperties) = preSolution
		HideSolutionNode = FALSE
	EndGlobalSection
	GlobalSection(ExtensibilityGlobals) = postSolution
		SolutionGuid = {D57FB984-E0A2-4A17-9BD5-C9D16D6BE317}
	EndGlobalSection
EndGlobal
